
Microsoft Visual Studio Solution File, Format Version 12.00
# Visual Studio 15
VisualStudioVersion = 15.0.28010.2003
MinimumVisualStudioVersion = 10.0.40219.1
Project("{FAE04EC0-301F-11D3-BF4B-00C04F79EFBC}") = "GPAP", "GPAP\GPAP.csproj", "{083F96C6-3EBF-4870-A080-FDBE87E7FF73}"
EndProject
Project("{FAE04EC0-301F-11D3-BF4B-00C04F79EFBC}") = "TestDapper", "TestDapper\TestDapper.csproj", "{8811E559-6FC7-4A14-AF38-3262AB9048E4}"
EndProject
Project("{FAE04EC0-301F-11D3-BF4B-00C04F79EFBC}") = "CRC12", "CRC12\CRC12.csproj", "{D9C9580A-48BA-44E1-85B9-82208CAE8F13}"
EndProject
Project("{FAE04EC0-301F-11D3-BF4B-00C04F79EFBC}") = "LinearRoomMvtemLib", "LinearRoomMvtemLib\LinearRoomMvtemLib.csproj", "{95BF0584-51D9-46BD-9619-01D961A27970}"
EndProject
Project("{FAE04EC0-301F-11D3-BF4B-00C04F79EFBC}") = "MvtomTestGUI", "MvtomTestGUI\MvtomTestGUI.csproj", "{7FD3AF1D-AFE5-460B-98A7-ADF620008DBE}"
EndProject
Project("{FAE04EC0-301F-11D3-BF4B-00C04F79EFBC}") = "硬件触发相机拍照", "硬件触发相机拍照\硬件触发相机拍照.csproj", "{271393BC-4A05-449C-8A71-94C7A6DACE52}"
EndProject
Project("{FAE04EC0-301F-11D3-BF4B-00C04F79EFBC}") = "JKLightSourceLib", "JKLightSourceLib\JKLightSourceLib.csproj", "{CE88631B-A3E7-4D49-BB14-12EA9DFB9B20}"
EndProject
Project("{FAE04EC0-301F-11D3-BF4B-00C04F79EFBC}") = "TestLightLib", "TestLightLib\TestLightLib.csproj", "{8E9B7792-25FC-4AD6-9827-58D0B06C69AE}"
EndProject
Project("{FAE04EC0-301F-11D3-BF4B-00C04F79EFBC}") = "CameraWindow", "CameraWindow\CameraWindow.csproj", "{944DDCF7-4522-428C-9794-A3EFE996166A}"
EndProject
Project("{FAE04EC0-301F-11D3-BF4B-00C04F79EFBC}") = "VisionDemoLib", "VisionDemoLib\VisionDemoLib.csproj", "{BF077BF2-6624-4E59-B487-6940F58D91AE}"
EndProject
Project("{FAE04EC0-301F-11D3-BF4B-00C04F79EFBC}") = "VisionLib", "..\..\重构Vision\VisionLib\VisionLib.csproj", "{46D1BC17-348C-4E00-B145-4DFD687918FF}"
EndProject
Project("{FAE04EC0-301F-11D3-BF4B-00C04F79EFBC}") = "CameraWinform", "CameraWinform\CameraWinform.csproj", "{44293C0D-FE08-43D3-900E-4FE964A0B333}"
EndProject
Project("{FAE04EC0-301F-11D3-BF4B-00C04F79EFBC}") = "CakeTest", "CakeTest\CakeTest.csproj", "{17B17397-B047-4791-A8B5-DED48FA8BD22}"
EndProject
Project("{FAE04EC0-301F-11D3-BF4B-00C04F79EFBC}") = "CommonFile", "CommonFile\CommonFile.csproj", "{19920575-DB5E-4476-B378-9ACDF6D4B078}"
EndProject
Project("{FAE04EC0-301F-11D3-BF4B-00C04F79EFBC}") = "RegisterMeachine", "RegisterMeachine\RegisterMeachine.csproj", "{DE93237B-6235-452C-8FF2-2D553C9E9574}"
EndProject
Project("{FAE04EC0-301F-11D3-BF4B-00C04F79EFBC}") = "ResizableWIndow", "ResizableWIndow\ResizableWIndow.csproj", "{E3944255-4278-4321-822F-6B7F1901BB3B}"
EndProject
Project("{FAE04EC0-301F-11D3-BF4B-00C04F79EFBC}") = "WPFVidwo", "WPFVidwo\WPFVidwo.csproj", "{A595C6A4-6339-4C5A-B221-702A49892971}"
EndProject
Project("{FAE04EC0-301F-11D3-BF4B-00C04F79EFBC}") = "TestHalcon17Wpf", "TestHalcon17Wpf\TestHalcon17Wpf.csproj", "{D0A466EB-3AEC-4F4F-8667-57E9E6FC56BD}"
EndProject
Project("{FAE04EC0-301F-11D3-BF4B-00C04F79EFBC}") = "TestHalcon17Winform", "TestHalcon17Winform\TestHalcon17Winform.csproj", "{45804A35-75C0-4336-9268-58902E0DBFF8}"
EndProject
Project("{FAE04EC0-301F-11D3-BF4B-00C04F79EFBC}") = "FFMPEG拉流测试", "FFMPEG拉流测试\FFMPEG拉流测试.csproj", "{8E340D7A-23D2-482A-ABA6-1EEF6F974F0D}"
EndProject
Project("{FAE04EC0-301F-11D3-BF4B-00C04F79EFBC}") = "DiagrimListBox", "DiagrimListBox\DiagrimListBox.csproj", "{7B81050D-14E1-41B7-8E97-46953F3EE60F}"
EndProject
Project("{FAE04EC0-301F-11D3-BF4B-00C04F79EFBC}") = "WpfArrow", "WpfArrow\WpfArrow.csproj", "{93D86993-38F4-4BAA-B151-77FCB7ED375E}"
EndProject
Project("{2150E333-8FDC-42A3-9474-1A3956D46DE8}") = "C++贴吧", "C++贴吧", "{A5662FE6-5D73-489A-A5C6-3EB68000E226}"
EndProject
Project("{8BC9CEB8-8B4A-11D0-8D11-00A0C91BC942}") = "Test", "Test\Test.vcxproj", "{DDE84892-1364-48EF-913A-16B7ECD8899B}"
EndProject
Project("{8BC9CEB8-8B4A-11D0-8D11-00A0C91BC942}") = "MFCApplication1", "MFCApplication1\MFCApplication1.vcxproj", "{10E17A37-4324-4A52-B410-82F405383BCB}"
EndProject
Project("{FAE04EC0-301F-11D3-BF4B-00C04F79EFBC}") = "TestAutoGet", "TestAutoGet\TestAutoGet.csproj", "{BE5AA13A-D0C6-42F7-AE0C-01F1D4634896}"
EndProject
Global
	GlobalSection(SolutionConfigurationPlatforms) = preSolution
		Debug|Any CPU = Debug|Any CPU
		Debug|x64 = Debug|x64
		Debug|x86 = Debug|x86
		Release|Any CPU = Release|Any CPU
		Release|x64 = Release|x64
		Release|x86 = Release|x86
	EndGlobalSection
	GlobalSection(ProjectConfigurationPlatforms) = postSolution
		{083F96C6-3EBF-4870-A080-FDBE87E7FF73}.Debug|Any CPU.ActiveCfg = Debug|Any CPU
		{083F96C6-3EBF-4870-A080-FDBE87E7FF73}.Debug|Any CPU.Build.0 = Debug|Any CPU
		{083F96C6-3EBF-4870-A080-FDBE87E7FF73}.Debug|x64.ActiveCfg = Debug|Any CPU
		{083F96C6-3EBF-4870-A080-FDBE87E7FF73}.Debug|x64.Build.0 = Debug|Any CPU
		{083F96C6-3EBF-4870-A080-FDBE87E7FF73}.Debug|x86.ActiveCfg = Debug|Any CPU
		{083F96C6-3EBF-4870-A080-FDBE87E7FF73}.Debug|x86.Build.0 = Debug|Any CPU
		{083F96C6-3EBF-4870-A080-FDBE87E7FF73}.Release|Any CPU.ActiveCfg = Release|Any CPU
		{083F96C6-3EBF-4870-A080-FDBE87E7FF73}.Release|Any CPU.Build.0 = Release|Any CPU
		{083F96C6-3EBF-4870-A080-FDBE87E7FF73}.Release|x64.ActiveCfg = Release|Any CPU
		{083F96C6-3EBF-4870-A080-FDBE87E7FF73}.Release|x64.Build.0 = Release|Any CPU
		{083F96C6-3EBF-4870-A080-FDBE87E7FF73}.Release|x86.ActiveCfg = Release|Any CPU
		{083F96C6-3EBF-4870-A080-FDBE87E7FF73}.Release|x86.Build.0 = Release|Any CPU
		{8811E559-6FC7-4A14-AF38-3262AB9048E4}.Debug|Any CPU.ActiveCfg = Debug|Any CPU
		{8811E559-6FC7-4A14-AF38-3262AB9048E4}.Debug|Any CPU.Build.0 = Debug|Any CPU
		{8811E559-6FC7-4A14-AF38-3262AB9048E4}.Debug|x64.ActiveCfg = Debug|Any CPU
		{8811E559-6FC7-4A14-AF38-3262AB9048E4}.Debug|x64.Build.0 = Debug|Any CPU
		{8811E559-6FC7-4A14-AF38-3262AB9048E4}.Debug|x86.ActiveCfg = Debug|Any CPU
		{8811E559-6FC7-4A14-AF38-3262AB9048E4}.Debug|x86.Build.0 = Debug|Any CPU
		{8811E559-6FC7-4A14-AF38-3262AB9048E4}.Release|Any CPU.ActiveCfg = Release|Any CPU
		{8811E559-6FC7-4A14-AF38-3262AB9048E4}.Release|Any CPU.Build.0 = Release|Any CPU
		{8811E559-6FC7-4A14-AF38-3262AB9048E4}.Release|x64.ActiveCfg = Release|Any CPU
		{8811E559-6FC7-4A14-AF38-3262AB9048E4}.Release|x64.Build.0 = Release|Any CPU
		{8811E559-6FC7-4A14-AF38-3262AB9048E4}.Release|x86.ActiveCfg = Release|Any CPU
		{8811E559-6FC7-4A14-AF38-3262AB9048E4}.Release|x86.Build.0 = Release|Any CPU
		{D9C9580A-48BA-44E1-85B9-82208CAE8F13}.Debug|Any CPU.ActiveCfg = Debug|Any CPU
		{D9C9580A-48BA-44E1-85B9-82208CAE8F13}.Debug|Any CPU.Build.0 = Debug|Any CPU
		{D9C9580A-48BA-44E1-85B9-82208CAE8F13}.Debug|x64.ActiveCfg = Debug|Any CPU
		{D9C9580A-48BA-44E1-85B9-82208CAE8F13}.Debug|x64.Build.0 = Debug|Any CPU
		{D9C9580A-48BA-44E1-85B9-82208CAE8F13}.Debug|x86.ActiveCfg = Debug|Any CPU
		{D9C9580A-48BA-44E1-85B9-82208CAE8F13}.Debug|x86.Build.0 = Debug|Any CPU
		{D9C9580A-48BA-44E1-85B9-82208CAE8F13}.Release|Any CPU.ActiveCfg = Release|Any CPU
		{D9C9580A-48BA-44E1-85B9-82208CAE8F13}.Release|Any CPU.Build.0 = Release|Any CPU
		{D9C9580A-48BA-44E1-85B9-82208CAE8F13}.Release|x64.ActiveCfg = Release|Any CPU
		{D9C9580A-48BA-44E1-85B9-82208CAE8F13}.Release|x64.Build.0 = Release|Any CPU
		{D9C9580A-48BA-44E1-85B9-82208CAE8F13}.Release|x86.ActiveCfg = Release|Any CPU
		{D9C9580A-48BA-44E1-85B9-82208CAE8F13}.Release|x86.Build.0 = Release|Any CPU
		{95BF0584-51D9-46BD-9619-01D961A27970}.Debug|Any CPU.ActiveCfg = Debug|Any CPU
		{95BF0584-51D9-46BD-9619-01D961A27970}.Debug|Any CPU.Build.0 = Debug|Any CPU
		{95BF0584-51D9-46BD-9619-01D961A27970}.Debug|x64.ActiveCfg = Debug|Any CPU
		{95BF0584-51D9-46BD-9619-01D961A27970}.Debug|x64.Build.0 = Debug|Any CPU
		{95BF0584-51D9-46BD-9619-01D961A27970}.Debug|x86.ActiveCfg = Debug|Any CPU
		{95BF0584-51D9-46BD-9619-01D961A27970}.Debug|x86.Build.0 = Debug|Any CPU
		{95BF0584-51D9-46BD-9619-01D961A27970}.Release|Any CPU.ActiveCfg = Release|Any CPU
		{95BF0584-51D9-46BD-9619-01D961A27970}.Release|Any CPU.Build.0 = Release|Any CPU
		{95BF0584-51D9-46BD-9619-01D961A27970}.Release|x64.ActiveCfg = Release|Any CPU
		{95BF0584-51D9-46BD-9619-01D961A27970}.Release|x64.Build.0 = Release|Any CPU
		{95BF0584-51D9-46BD-9619-01D961A27970}.Release|x86.ActiveCfg = Release|Any CPU
		{95BF0584-51D9-46BD-9619-01D961A27970}.Release|x86.Build.0 = Release|Any CPU
		{7FD3AF1D-AFE5-460B-98A7-ADF620008DBE}.Debug|Any CPU.ActiveCfg = Debug|Any CPU
		{7FD3AF1D-AFE5-460B-98A7-ADF620008DBE}.Debug|Any CPU.Build.0 = Debug|Any CPU
		{7FD3AF1D-AFE5-460B-98A7-ADF620008DBE}.Debug|x64.ActiveCfg = Debug|Any CPU
		{7FD3AF1D-AFE5-460B-98A7-ADF620008DBE}.Debug|x64.Build.0 = Debug|Any CPU
		{7FD3AF1D-AFE5-460B-98A7-ADF620008DBE}.Debug|x86.ActiveCfg = Debug|Any CPU
		{7FD3AF1D-AFE5-460B-98A7-ADF620008DBE}.Debug|x86.Build.0 = Debug|Any CPU
		{7FD3AF1D-AFE5-460B-98A7-ADF620008DBE}.Release|Any CPU.ActiveCfg = Release|Any CPU
		{7FD3AF1D-AFE5-460B-98A7-ADF620008DBE}.Release|Any CPU.Build.0 = Release|Any CPU
		{7FD3AF1D-AFE5-460B-98A7-ADF620008DBE}.Release|x64.ActiveCfg = Release|Any CPU
		{7FD3AF1D-AFE5-460B-98A7-ADF620008DBE}.Release|x64.Build.0 = Release|Any CPU
		{7FD3AF1D-AFE5-460B-98A7-ADF620008DBE}.Release|x86.ActiveCfg = Release|Any CPU
		{7FD3AF1D-AFE5-460B-98A7-ADF620008DBE}.Release|x86.Build.0 = Release|Any CPU
		{271393BC-4A05-449C-8A71-94C7A6DACE52}.Debug|Any CPU.ActiveCfg = Debug|Any CPU
		{271393BC-4A05-449C-8A71-94C7A6DACE52}.Debug|Any CPU.Build.0 = Debug|Any CPU
		{271393BC-4A05-449C-8A71-94C7A6DACE52}.Debug|x64.ActiveCfg = Debug|Any CPU
		{271393BC-4A05-449C-8A71-94C7A6DACE52}.Debug|x64.Build.0 = Debug|Any CPU
		{271393BC-4A05-449C-8A71-94C7A6DACE52}.Debug|x86.ActiveCfg = Debug|Any CPU
		{271393BC-4A05-449C-8A71-94C7A6DACE52}.Debug|x86.Build.0 = Debug|Any CPU
		{271393BC-4A05-449C-8A71-94C7A6DACE52}.Release|Any CPU.ActiveCfg = Release|Any CPU
		{271393BC-4A05-449C-8A71-94C7A6DACE52}.Release|Any CPU.Build.0 = Release|Any CPU
		{271393BC-4A05-449C-8A71-94C7A6DACE52}.Release|x64.ActiveCfg = Release|Any CPU
		{271393BC-4A05-449C-8A71-94C7A6DACE52}.Release|x64.Build.0 = Release|Any CPU
		{271393BC-4A05-449C-8A71-94C7A6DACE52}.Release|x86.ActiveCfg = Release|Any CPU
		{271393BC-4A05-449C-8A71-94C7A6DACE52}.Release|x86.Build.0 = Release|Any CPU
		{CE88631B-A3E7-4D49-BB14-12EA9DFB9B20}.Debug|Any CPU.ActiveCfg = Debug|Any CPU
		{CE88631B-A3E7-4D49-BB14-12EA9DFB9B20}.Debug|Any CPU.Build.0 = Debug|Any CPU
		{CE88631B-A3E7-4D49-BB14-12EA9DFB9B20}.Debug|x64.ActiveCfg = Debug|Any CPU
		{CE88631B-A3E7-4D49-BB14-12EA9DFB9B20}.Debug|x64.Build.0 = Debug|Any CPU
		{CE88631B-A3E7-4D49-BB14-12EA9DFB9B20}.Debug|x86.ActiveCfg = Debug|Any CPU
		{CE88631B-A3E7-4D49-BB14-12EA9DFB9B20}.Debug|x86.Build.0 = Debug|Any CPU
		{CE88631B-A3E7-4D49-BB14-12EA9DFB9B20}.Release|Any CPU.ActiveCfg = Release|Any CPU
		{CE88631B-A3E7-4D49-BB14-12EA9DFB9B20}.Release|Any CPU.Build.0 = Release|Any CPU
		{CE88631B-A3E7-4D49-BB14-12EA9DFB9B20}.Release|x64.ActiveCfg = Release|Any CPU
		{CE88631B-A3E7-4D49-BB14-12EA9DFB9B20}.Release|x64.Build.0 = Release|Any CPU
		{CE88631B-A3E7-4D49-BB14-12EA9DFB9B20}.Release|x86.ActiveCfg = Release|Any CPU
		{CE88631B-A3E7-4D49-BB14-12EA9DFB9B20}.Release|x86.Build.0 = Release|Any CPU
		{8E9B7792-25FC-4AD6-9827-58D0B06C69AE}.Debug|Any CPU.ActiveCfg = Debug|Any CPU
		{8E9B7792-25FC-4AD6-9827-58D0B06C69AE}.Debug|Any CPU.Build.0 = Debug|Any CPU
		{8E9B7792-25FC-4AD6-9827-58D0B06C69AE}.Debug|x64.ActiveCfg = Debug|Any CPU
		{8E9B7792-25FC-4AD6-9827-58D0B06C69AE}.Debug|x64.Build.0 = Debug|Any CPU
		{8E9B7792-25FC-4AD6-9827-58D0B06C69AE}.Debug|x86.ActiveCfg = Debug|Any CPU
		{8E9B7792-25FC-4AD6-9827-58D0B06C69AE}.Debug|x86.Build.0 = Debug|Any CPU
		{8E9B7792-25FC-4AD6-9827-58D0B06C69AE}.Release|Any CPU.ActiveCfg = Release|Any CPU
		{8E9B7792-25FC-4AD6-9827-58D0B06C69AE}.Release|Any CPU.Build.0 = Release|Any CPU
		{8E9B7792-25FC-4AD6-9827-58D0B06C69AE}.Release|x64.ActiveCfg = Release|Any CPU
		{8E9B7792-25FC-4AD6-9827-58D0B06C69AE}.Release|x64.Build.0 = Release|Any CPU
		{8E9B7792-25FC-4AD6-9827-58D0B06C69AE}.Release|x86.ActiveCfg = Release|Any CPU
		{8E9B7792-25FC-4AD6-9827-58D0B06C69AE}.Release|x86.Build.0 = Release|Any CPU
		{944DDCF7-4522-428C-9794-A3EFE996166A}.Debug|Any CPU.ActiveCfg = Debug|Any CPU
		{944DDCF7-4522-428C-9794-A3EFE996166A}.Debug|Any CPU.Build.0 = Debug|Any CPU
		{944DDCF7-4522-428C-9794-A3EFE996166A}.Debug|x64.ActiveCfg = Debug|Any CPU
		{944DDCF7-4522-428C-9794-A3EFE996166A}.Debug|x64.Build.0 = Debug|Any CPU
		{944DDCF7-4522-428C-9794-A3EFE996166A}.Debug|x86.ActiveCfg = Debug|Any CPU
		{944DDCF7-4522-428C-9794-A3EFE996166A}.Debug|x86.Build.0 = Debug|Any CPU
		{944DDCF7-4522-428C-9794-A3EFE996166A}.Release|Any CPU.ActiveCfg = Release|Any CPU
		{944DDCF7-4522-428C-9794-A3EFE996166A}.Release|Any CPU.Build.0 = Release|Any CPU
		{944DDCF7-4522-428C-9794-A3EFE996166A}.Release|x64.ActiveCfg = Release|Any CPU
		{944DDCF7-4522-428C-9794-A3EFE996166A}.Release|x64.Build.0 = Release|Any CPU
		{944DDCF7-4522-428C-9794-A3EFE996166A}.Release|x86.ActiveCfg = Release|Any CPU
		{944DDCF7-4522-428C-9794-A3EFE996166A}.Release|x86.Build.0 = Release|Any CPU
		{BF077BF2-6624-4E59-B487-6940F58D91AE}.Debug|Any CPU.ActiveCfg = Debug|Any CPU
		{BF077BF2-6624-4E59-B487-6940F58D91AE}.Debug|Any CPU.Build.0 = Debug|Any CPU
		{BF077BF2-6624-4E59-B487-6940F58D91AE}.Debug|x64.ActiveCfg = Debug|Any CPU
		{BF077BF2-6624-4E59-B487-6940F58D91AE}.Debug|x64.Build.0 = Debug|Any CPU
		{BF077BF2-6624-4E59-B487-6940F58D91AE}.Debug|x86.ActiveCfg = Debug|Any CPU
		{BF077BF2-6624-4E59-B487-6940F58D91AE}.Debug|x86.Build.0 = Debug|Any CPU
		{BF077BF2-6624-4E59-B487-6940F58D91AE}.Release|Any CPU.ActiveCfg = Release|Any CPU
		{BF077BF2-6624-4E59-B487-6940F58D91AE}.Release|Any CPU.Build.0 = Release|Any CPU
		{BF077BF2-6624-4E59-B487-6940F58D91AE}.Release|x64.ActiveCfg = Release|Any CPU
		{BF077BF2-6624-4E59-B487-6940F58D91AE}.Release|x64.Build.0 = Release|Any CPU
		{BF077BF2-6624-4E59-B487-6940F58D91AE}.Release|x86.ActiveCfg = Release|Any CPU
		{BF077BF2-6624-4E59-B487-6940F58D91AE}.Release|x86.Build.0 = Release|Any CPU
		{46D1BC17-348C-4E00-B145-4DFD687918FF}.Debug|Any CPU.ActiveCfg = Debug|Any CPU
		{46D1BC17-348C-4E00-B145-4DFD687918FF}.Debug|Any CPU.Build.0 = Debug|Any CPU
		{46D1BC17-348C-4E00-B145-4DFD687918FF}.Debug|x64.ActiveCfg = Debug|Any CPU
		{46D1BC17-348C-4E00-B145-4DFD687918FF}.Debug|x64.Build.0 = Debug|Any CPU
		{46D1BC17-348C-4E00-B145-4DFD687918FF}.Debug|x86.ActiveCfg = Debug|Any CPU
		{46D1BC17-348C-4E00-B145-4DFD687918FF}.Debug|x86.Build.0 = Debug|Any CPU
		{46D1BC17-348C-4E00-B145-4DFD687918FF}.Release|Any CPU.ActiveCfg = Release|Any CPU
		{46D1BC17-348C-4E00-B145-4DFD687918FF}.Release|Any CPU.Build.0 = Release|Any CPU
		{46D1BC17-348C-4E00-B145-4DFD687918FF}.Release|x64.ActiveCfg = Release|Any CPU
		{46D1BC17-348C-4E00-B145-4DFD687918FF}.Release|x64.Build.0 = Release|Any CPU
		{46D1BC17-348C-4E00-B145-4DFD687918FF}.Release|x86.ActiveCfg = Release|Any CPU
		{46D1BC17-348C-4E00-B145-4DFD687918FF}.Release|x86.Build.0 = Release|Any CPU
		{44293C0D-FE08-43D3-900E-4FE964A0B333}.Debug|Any CPU.ActiveCfg = Debug|Any CPU
		{44293C0D-FE08-43D3-900E-4FE964A0B333}.Debug|Any CPU.Build.0 = Debug|Any CPU
		{44293C0D-FE08-43D3-900E-4FE964A0B333}.Debug|x64.ActiveCfg = Debug|Any CPU
		{44293C0D-FE08-43D3-900E-4FE964A0B333}.Debug|x64.Build.0 = Debug|Any CPU
		{44293C0D-FE08-43D3-900E-4FE964A0B333}.Debug|x86.ActiveCfg = Debug|Any CPU
		{44293C0D-FE08-43D3-900E-4FE964A0B333}.Debug|x86.Build.0 = Debug|Any CPU
		{44293C0D-FE08-43D3-900E-4FE964A0B333}.Release|Any CPU.ActiveCfg = Release|Any CPU
		{44293C0D-FE08-43D3-900E-4FE964A0B333}.Release|Any CPU.Build.0 = Release|Any CPU
		{44293C0D-FE08-43D3-900E-4FE964A0B333}.Release|x64.ActiveCfg = Release|Any CPU
		{44293C0D-FE08-43D3-900E-4FE964A0B333}.Release|x64.Build.0 = Release|Any CPU
		{44293C0D-FE08-43D3-900E-4FE964A0B333}.Release|x86.ActiveCfg = Release|Any CPU
		{44293C0D-FE08-43D3-900E-4FE964A0B333}.Release|x86.Build.0 = Release|Any CPU
		{17B17397-B047-4791-A8B5-DED48FA8BD22}.Debug|Any CPU.ActiveCfg = Debug|Any CPU
		{17B17397-B047-4791-A8B5-DED48FA8BD22}.Debug|Any CPU.Build.0 = Debug|Any CPU
		{17B17397-B047-4791-A8B5-DED48FA8BD22}.Debug|x64.ActiveCfg = Debug|Any CPU
		{17B17397-B047-4791-A8B5-DED48FA8BD22}.Debug|x64.Build.0 = Debug|Any CPU
		{17B17397-B047-4791-A8B5-DED48FA8BD22}.Debug|x86.ActiveCfg = Debug|Any CPU
		{17B17397-B047-4791-A8B5-DED48FA8BD22}.Debug|x86.Build.0 = Debug|Any CPU
		{17B17397-B047-4791-A8B5-DED48FA8BD22}.Release|Any CPU.ActiveCfg = Release|Any CPU
		{17B17397-B047-4791-A8B5-DED48FA8BD22}.Release|Any CPU.Build.0 = Release|Any CPU
		{17B17397-B047-4791-A8B5-DED48FA8BD22}.Release|x64.ActiveCfg = Release|Any CPU
		{17B17397-B047-4791-A8B5-DED48FA8BD22}.Release|x64.Build.0 = Release|Any CPU
		{17B17397-B047-4791-A8B5-DED48FA8BD22}.Release|x86.ActiveCfg = Release|Any CPU
		{17B17397-B047-4791-A8B5-DED48FA8BD22}.Release|x86.Build.0 = Release|Any CPU
		{19920575-DB5E-4476-B378-9ACDF6D4B078}.Debug|Any CPU.ActiveCfg = Debug|Any CPU
		{19920575-DB5E-4476-B378-9ACDF6D4B078}.Debug|Any CPU.Build.0 = Debug|Any CPU
		{19920575-DB5E-4476-B378-9ACDF6D4B078}.Debug|x64.ActiveCfg = Debug|Any CPU
		{19920575-DB5E-4476-B378-9ACDF6D4B078}.Debug|x64.Build.0 = Debug|Any CPU
		{19920575-DB5E-4476-B378-9ACDF6D4B078}.Debug|x86.ActiveCfg = Debug|Any CPU
		{19920575-DB5E-4476-B378-9ACDF6D4B078}.Debug|x86.Build.0 = Debug|Any CPU
		{19920575-DB5E-4476-B378-9ACDF6D4B078}.Release|Any CPU.ActiveCfg = Release|Any CPU
		{19920575-DB5E-4476-B378-9ACDF6D4B078}.Release|Any CPU.Build.0 = Release|Any CPU
		{19920575-DB5E-4476-B378-9ACDF6D4B078}.Release|x64.ActiveCfg = Release|Any CPU
		{19920575-DB5E-4476-B378-9ACDF6D4B078}.Release|x64.Build.0 = Release|Any CPU
		{19920575-DB5E-4476-B378-9ACDF6D4B078}.Release|x86.ActiveCfg = Release|Any CPU
		{19920575-DB5E-4476-B378-9ACDF6D4B078}.Release|x86.Build.0 = Release|Any CPU
		{DE93237B-6235-452C-8FF2-2D553C9E9574}.Debug|Any CPU.ActiveCfg = Debug|Any CPU
		{DE93237B-6235-452C-8FF2-2D553C9E9574}.Debug|Any CPU.Build.0 = Debug|Any CPU
		{DE93237B-6235-452C-8FF2-2D553C9E9574}.Debug|x64.ActiveCfg = Debug|Any CPU
		{DE93237B-6235-452C-8FF2-2D553C9E9574}.Debug|x64.Build.0 = Debug|Any CPU
		{DE93237B-6235-452C-8FF2-2D553C9E9574}.Debug|x86.ActiveCfg = Debug|Any CPU
		{DE93237B-6235-452C-8FF2-2D553C9E9574}.Debug|x86.Build.0 = Debug|Any CPU
		{DE93237B-6235-452C-8FF2-2D553C9E9574}.Release|Any CPU.ActiveCfg = Release|Any CPU
		{DE93237B-6235-452C-8FF2-2D553C9E9574}.Release|Any CPU.Build.0 = Release|Any CPU
		{DE93237B-6235-452C-8FF2-2D553C9E9574}.Release|x64.ActiveCfg = Release|Any CPU
		{DE93237B-6235-452C-8FF2-2D553C9E9574}.Release|x64.Build.0 = Release|Any CPU
		{DE93237B-6235-452C-8FF2-2D553C9E9574}.Release|x86.ActiveCfg = Release|Any CPU
		{DE93237B-6235-452C-8FF2-2D553C9E9574}.Release|x86.Build.0 = Release|Any CPU
		{E3944255-4278-4321-822F-6B7F1901BB3B}.Debug|Any CPU.ActiveCfg = Debug|Any CPU
		{E3944255-4278-4321-822F-6B7F1901BB3B}.Debug|Any CPU.Build.0 = Debug|Any CPU
		{E3944255-4278-4321-822F-6B7F1901BB3B}.Debug|x64.ActiveCfg = Debug|Any CPU
		{E3944255-4278-4321-822F-6B7F1901BB3B}.Debug|x64.Build.0 = Debug|Any CPU
		{E3944255-4278-4321-822F-6B7F1901BB3B}.Debug|x86.ActiveCfg = Debug|Any CPU
		{E3944255-4278-4321-822F-6B7F1901BB3B}.Debug|x86.Build.0 = Debug|Any CPU
		{E3944255-4278-4321-822F-6B7F1901BB3B}.Release|Any CPU.ActiveCfg = Release|Any CPU
		{E3944255-4278-4321-822F-6B7F1901BB3B}.Release|Any CPU.Build.0 = Release|Any CPU
		{E3944255-4278-4321-822F-6B7F1901BB3B}.Release|x64.ActiveCfg = Release|Any CPU
		{E3944255-4278-4321-822F-6B7F1901BB3B}.Release|x64.Build.0 = Release|Any CPU
		{E3944255-4278-4321-822F-6B7F1901BB3B}.Release|x86.ActiveCfg = Release|Any CPU
		{E3944255-4278-4321-822F-6B7F1901BB3B}.Release|x86.Build.0 = Release|Any CPU
		{A595C6A4-6339-4C5A-B221-702A49892971}.Debug|Any CPU.ActiveCfg = Debug|Any CPU
		{A595C6A4-6339-4C5A-B221-702A49892971}.Debug|Any CPU.Build.0 = Debug|Any CPU
		{A595C6A4-6339-4C5A-B221-702A49892971}.Debug|x64.ActiveCfg = Debug|Any CPU
		{A595C6A4-6339-4C5A-B221-702A49892971}.Debug|x64.Build.0 = Debug|Any CPU
		{A595C6A4-6339-4C5A-B221-702A49892971}.Debug|x86.ActiveCfg = Debug|Any CPU
		{A595C6A4-6339-4C5A-B221-702A49892971}.Debug|x86.Build.0 = Debug|Any CPU
		{A595C6A4-6339-4C5A-B221-702A49892971}.Release|Any CPU.ActiveCfg = Release|Any CPU
		{A595C6A4-6339-4C5A-B221-702A49892971}.Release|Any CPU.Build.0 = Release|Any CPU
		{A595C6A4-6339-4C5A-B221-702A49892971}.Release|x64.ActiveCfg = Release|Any CPU
		{A595C6A4-6339-4C5A-B221-702A49892971}.Release|x64.Build.0 = Release|Any CPU
		{A595C6A4-6339-4C5A-B221-702A49892971}.Release|x86.ActiveCfg = Release|Any CPU
		{A595C6A4-6339-4C5A-B221-702A49892971}.Release|x86.Build.0 = Release|Any CPU
		{D0A466EB-3AEC-4F4F-8667-57E9E6FC56BD}.Debug|Any CPU.ActiveCfg = Debug|Any CPU
		{D0A466EB-3AEC-4F4F-8667-57E9E6FC56BD}.Debug|Any CPU.Build.0 = Debug|Any CPU
		{D0A466EB-3AEC-4F4F-8667-57E9E6FC56BD}.Debug|x64.ActiveCfg = Debug|Any CPU
		{D0A466EB-3AEC-4F4F-8667-57E9E6FC56BD}.Debug|x64.Build.0 = Debug|Any CPU
		{D0A466EB-3AEC-4F4F-8667-57E9E6FC56BD}.Debug|x86.ActiveCfg = Debug|Any CPU
		{D0A466EB-3AEC-4F4F-8667-57E9E6FC56BD}.Debug|x86.Build.0 = Debug|Any CPU
		{D0A466EB-3AEC-4F4F-8667-57E9E6FC56BD}.Release|Any CPU.ActiveCfg = Release|Any CPU
		{D0A466EB-3AEC-4F4F-8667-57E9E6FC56BD}.Release|Any CPU.Build.0 = Release|Any CPU
		{D0A466EB-3AEC-4F4F-8667-57E9E6FC56BD}.Release|x64.ActiveCfg = Release|Any CPU
		{D0A466EB-3AEC-4F4F-8667-57E9E6FC56BD}.Release|x64.Build.0 = Release|Any CPU
		{D0A466EB-3AEC-4F4F-8667-57E9E6FC56BD}.Release|x86.ActiveCfg = Release|Any CPU
		{D0A466EB-3AEC-4F4F-8667-57E9E6FC56BD}.Release|x86.Build.0 = Release|Any CPU
		{45804A35-75C0-4336-9268-58902E0DBFF8}.Debug|Any CPU.ActiveCfg = Debug|Any CPU
		{45804A35-75C0-4336-9268-58902E0DBFF8}.Debug|Any CPU.Build.0 = Debug|Any CPU
		{45804A35-75C0-4336-9268-58902E0DBFF8}.Debug|x64.ActiveCfg = Debug|Any CPU
		{45804A35-75C0-4336-9268-58902E0DBFF8}.Debug|x64.Build.0 = Debug|Any CPU
		{45804A35-75C0-4336-9268-58902E0DBFF8}.Debug|x86.ActiveCfg = Debug|Any CPU
		{45804A35-75C0-4336-9268-58902E0DBFF8}.Debug|x86.Build.0 = Debug|Any CPU
		{45804A35-75C0-4336-9268-58902E0DBFF8}.Release|Any CPU.ActiveCfg = Release|Any CPU
		{45804A35-75C0-4336-9268-58902E0DBFF8}.Release|Any CPU.Build.0 = Release|Any CPU
		{45804A35-75C0-4336-9268-58902E0DBFF8}.Release|x64.ActiveCfg = Release|Any CPU
		{45804A35-75C0-4336-9268-58902E0DBFF8}.Release|x64.Build.0 = Release|Any CPU
		{45804A35-75C0-4336-9268-58902E0DBFF8}.Release|x86.ActiveCfg = Release|Any CPU
		{45804A35-75C0-4336-9268-58902E0DBFF8}.Release|x86.Build.0 = Release|Any CPU
		{8E340D7A-23D2-482A-ABA6-1EEF6F974F0D}.Debug|Any CPU.ActiveCfg = Debug|Any CPU
		{8E340D7A-23D2-482A-ABA6-1EEF6F974F0D}.Debug|Any CPU.Build.0 = Debug|Any CPU
		{8E340D7A-23D2-482A-ABA6-1EEF6F974F0D}.Debug|x64.ActiveCfg = Debug|Any CPU
		{8E340D7A-23D2-482A-ABA6-1EEF6F974F0D}.Debug|x64.Build.0 = Debug|Any CPU
		{8E340D7A-23D2-482A-ABA6-1EEF6F974F0D}.Debug|x86.ActiveCfg = Debug|Any CPU
		{8E340D7A-23D2-482A-ABA6-1EEF6F974F0D}.Debug|x86.Build.0 = Debug|Any CPU
		{8E340D7A-23D2-482A-ABA6-1EEF6F974F0D}.Release|Any CPU.ActiveCfg = Release|Any CPU
		{8E340D7A-23D2-482A-ABA6-1EEF6F974F0D}.Release|Any CPU.Build.0 = Release|Any CPU
		{8E340D7A-23D2-482A-ABA6-1EEF6F974F0D}.Release|x64.ActiveCfg = Release|Any CPU
		{8E340D7A-23D2-482A-ABA6-1EEF6F974F0D}.Release|x64.Build.0 = Release|Any CPU
		{8E340D7A-23D2-482A-ABA6-1EEF6F974F0D}.Release|x86.ActiveCfg = Release|Any CPU
		{8E340D7A-23D2-482A-ABA6-1EEF6F974F0D}.Release|x86.Build.0 = Release|Any CPU
		{7B81050D-14E1-41B7-8E97-46953F3EE60F}.Debug|Any CPU.ActiveCfg = Debug|Any CPU
		{7B81050D-14E1-41B7-8E97-46953F3EE60F}.Debug|Any CPU.Build.0 = Debug|Any CPU
		{7B81050D-14E1-41B7-8E97-46953F3EE60F}.Debug|x64.ActiveCfg = Debug|Any CPU
		{7B81050D-14E1-41B7-8E97-46953F3EE60F}.Debug|x64.Build.0 = Debug|Any CPU
		{7B81050D-14E1-41B7-8E97-46953F3EE60F}.Debug|x86.ActiveCfg = Debug|Any CPU
		{7B81050D-14E1-41B7-8E97-46953F3EE60F}.Debug|x86.Build.0 = Debug|Any CPU
		{7B81050D-14E1-41B7-8E97-46953F3EE60F}.Release|Any CPU.ActiveCfg = Release|Any CPU
		{7B81050D-14E1-41B7-8E97-46953F3EE60F}.Release|Any CPU.Build.0 = Release|Any CPU
		{7B81050D-14E1-41B7-8E97-46953F3EE60F}.Release|x64.ActiveCfg = Release|Any CPU
		{7B81050D-14E1-41B7-8E97-46953F3EE60F}.Release|x64.Build.0 = Release|Any CPU
		{7B81050D-14E1-41B7-8E97-46953F3EE60F}.Release|x86.ActiveCfg = Release|Any CPU
		{7B81050D-14E1-41B7-8E97-46953F3EE60F}.Release|x86.Build.0 = Release|Any CPU
		{93D86993-38F4-4BAA-B151-77FCB7ED375E}.Debug|Any CPU.ActiveCfg = Debug|Any CPU
		{93D86993-38F4-4BAA-B151-77FCB7ED375E}.Debug|Any CPU.Build.0 = Debug|Any CPU
		{93D86993-38F4-4BAA-B151-77FCB7ED375E}.Debug|x64.ActiveCfg = Debug|Any CPU
		{93D86993-38F4-4BAA-B151-77FCB7ED375E}.Debug|x64.Build.0 = Debug|Any CPU
		{93D86993-38F4-4BAA-B151-77FCB7ED375E}.Debug|x86.ActiveCfg = Debug|Any CPU
		{93D86993-38F4-4BAA-B151-77FCB7ED375E}.Debug|x86.Build.0 = Debug|Any CPU
		{93D86993-38F4-4BAA-B151-77FCB7ED375E}.Release|Any CPU.ActiveCfg = Release|Any CPU
		{93D86993-38F4-4BAA-B151-77FCB7ED375E}.Release|Any CPU.Build.0 = Release|Any CPU
		{93D86993-38F4-4BAA-B151-77FCB7ED375E}.Release|x64.ActiveCfg = Release|Any CPU
		{93D86993-38F4-4BAA-B151-77FCB7ED375E}.Release|x64.Build.0 = Release|Any CPU
		{93D86993-38F4-4BAA-B151-77FCB7ED375E}.Release|x86.ActiveCfg = Release|Any CPU
		{93D86993-38F4-4BAA-B151-77FCB7ED375E}.Release|x86.Build.0 = Release|Any CPU
		{DDE84892-1364-48EF-913A-16B7ECD8899B}.Debug|Any CPU.ActiveCfg = Debug|Win32
		{DDE84892-1364-48EF-913A-16B7ECD8899B}.Debug|Any CPU.Build.0 = Debug|Win32
		{DDE84892-1364-48EF-913A-16B7ECD8899B}.Debug|x64.ActiveCfg = Debug|x64
		{DDE84892-1364-48EF-913A-16B7ECD8899B}.Debug|x64.Build.0 = Debug|x64
		{DDE84892-1364-48EF-913A-16B7ECD8899B}.Debug|x86.ActiveCfg = Debug|Win32
		{DDE84892-1364-48EF-913A-16B7ECD8899B}.Debug|x86.Build.0 = Debug|Win32
		{DDE84892-1364-48EF-913A-16B7ECD8899B}.Release|Any CPU.ActiveCfg = Release|Win32
		{DDE84892-1364-48EF-913A-16B7ECD8899B}.Release|x64.ActiveCfg = Release|x64
		{DDE84892-1364-48EF-913A-16B7ECD8899B}.Release|x64.Build.0 = Release|x64
		{DDE84892-1364-48EF-913A-16B7ECD8899B}.Release|x86.ActiveCfg = Release|Win32
		{DDE84892-1364-48EF-913A-16B7ECD8899B}.Release|x86.Build.0 = Release|Win32
		{10E17A37-4324-4A52-B410-82F405383BCB}.Debug|Any CPU.ActiveCfg = Debug|Win32
		{10E17A37-4324-4A52-B410-82F405383BCB}.Debug|x64.ActiveCfg = Debug|x64
		{10E17A37-4324-4A52-B410-82F405383BCB}.Debug|x64.Build.0 = Debug|x64
		{10E17A37-4324-4A52-B410-82F405383BCB}.Debug|x86.ActiveCfg = Debug|Win32
		{10E17A37-4324-4A52-B410-82F405383BCB}.Debug|x86.Build.0 = Debug|Win32
		{10E17A37-4324-4A52-B410-82F405383BCB}.Release|Any CPU.ActiveCfg = Release|Win32
		{10E17A37-4324-4A52-B410-82F405383BCB}.Release|x64.ActiveCfg = Release|x64
		{10E17A37-4324-4A52-B410-82F405383BCB}.Release|x64.Build.0 = Release|x64
		{10E17A37-4324-4A52-B410-82F405383BCB}.Release|x86.ActiveCfg = Release|Win32
		{10E17A37-4324-4A52-B410-82F405383BCB}.Release|x86.Build.0 = Release|Win32
		{BE5AA13A-D0C6-42F7-AE0C-01F1D4634896}.Debug|Any CPU.ActiveCfg = Debug|Any CPU
		{BE5AA13A-D0C6-42F7-AE0C-01F1D4634896}.Debug|Any CPU.Build.0 = Debug|Any CPU
		{BE5AA13A-D0C6-42F7-AE0C-01F1D4634896}.Debug|x64.ActiveCfg = Debug|Any CPU
		{BE5AA13A-D0C6-42F7-AE0C-01F1D4634896}.Debug|x64.Build.0 = Debug|Any CPU
		{BE5AA13A-D0C6-42F7-AE0C-01F1D4634896}.Debug|x86.ActiveCfg = Debug|Any CPU
		{BE5AA13A-D0C6-42F7-AE0C-01F1D4634896}.Debug|x86.Build.0 = Debug|Any CPU
		{BE5AA13A-D0C6-42F7-AE0C-01F1D4634896}.Release|Any CPU.ActiveCfg = Release|Any CPU
		{BE5AA13A-D0C6-42F7-AE0C-01F1D4634896}.Release|Any CPU.Build.0 = Release|Any CPU
		{BE5AA13A-D0C6-42F7-AE0C-01F1D4634896}.Release|x64.ActiveCfg = Release|Any CPU
		{BE5AA13A-D0C6-42F7-AE0C-01F1D4634896}.Release|x64.Build.0 = Release|Any CPU
		{BE5AA13A-D0C6-42F7-AE0C-01F1D4634896}.Release|x86.ActiveCfg = Release|Any CPU
		{BE5AA13A-D0C6-42F7-AE0C-01F1D4634896}.Release|x86.Build.0 = Release|Any CPU
	EndGlobalSection
	GlobalSection(SolutionProperties) = preSolution
		HideSolutionNode = FALSE
	EndGlobalSection
	GlobalSection(NestedProjects) = preSolution
		{DDE84892-1364-48EF-913A-16B7ECD8899B} = {A5662FE6-5D73-489A-A5C6-3EB68000E226}
		{10E17A37-4324-4A52-B410-82F405383BCB} = {A5662FE6-5D73-489A-A5C6-3EB68000E226}
	EndGlobalSection
	GlobalSection(ExtensibilityGlobals) = postSolution
		SolutionGuid = {621DE5B8-D4BF-476E-95F7-BFF30A144D0A}
	EndGlobalSection
EndGlobal
