
Microsoft Visual Studio Solution File, Format Version 12.00
# Visual Studio 15
VisualStudioVersion = 15.0.28010.2003
MinimumVisualStudioVersion = 10.0.40219.1
Project("{FAE04EC0-301F-11D3-BF4B-00C04F79EFBC}") = "GPAP", "GPAP\GPAP.csproj", "{083F96C6-3EBF-4870-A080-FDBE87E7FF73}"
EndProject
Project("{FAE04EC0-301F-11D3-BF4B-00C04F79EFBC}") = "TestDapper", "TestDapper\TestDapper.csproj", "{8811E559-6FC7-4A14-AF38-3262AB9048E4}"
EndProject
Project("{FAE04EC0-301F-11D3-BF4B-00C04F79EFBC}") = "CRC12", "CRC12\CRC12.csproj", "{D9C9580A-48BA-44E1-85B9-82208CAE8F13}"
EndProject
Project("{FAE04EC0-301F-11D3-BF4B-00C04F79EFBC}") = "LinearRoomMvtemLib", "LinearRoomMvtemLib\LinearRoomMvtemLib.csproj", "{95BF0584-51D9-46BD-9619-01D961A27970}"
EndProject
Project("{FAE04EC0-301F-11D3-BF4B-00C04F79EFBC}") = "MvtomTestGUI", "MvtomTestGUI\MvtomTestGUI.csproj", "{7FD3AF1D-AFE5-460B-98A7-ADF620008DBE}"
EndProject
Project("{FAE04EC0-301F-11D3-BF4B-00C04F79EFBC}") = "硬件触发相机拍照", "硬件触发相机拍照\硬件触发相机拍照.csproj", "{271393BC-4A05-449C-8A71-94C7A6DACE52}"
EndProject
Project("{FAE04EC0-301F-11D3-BF4B-00C04F79EFBC}") = "JKLightSourceLib", "JKLightSourceLib\JKLightSourceLib.csproj", "{CE88631B-A3E7-4D49-BB14-12EA9DFB9B20}"
EndProject
Global
	GlobalSection(SolutionConfigurationPlatforms) = preSolution
		Debug|Any CPU = Debug|Any CPU
		Release|Any CPU = Release|Any CPU
	EndGlobalSection
	GlobalSection(ProjectConfigurationPlatforms) = postSolution
		{083F96C6-3EBF-4870-A080-FDBE87E7FF73}.Debug|Any CPU.ActiveCfg = Debug|Any CPU
		{083F96C6-3EBF-4870-A080-FDBE87E7FF73}.Debug|Any CPU.Build.0 = Debug|Any CPU
		{083F96C6-3EBF-4870-A080-FDBE87E7FF73}.Release|Any CPU.ActiveCfg = Release|Any CPU
		{083F96C6-3EBF-4870-A080-FDBE87E7FF73}.Release|Any CPU.Build.0 = Release|Any CPU
		{8811E559-6FC7-4A14-AF38-3262AB9048E4}.Debug|Any CPU.ActiveCfg = Debug|Any CPU
		{8811E559-6FC7-4A14-AF38-3262AB9048E4}.Debug|Any CPU.Build.0 = Debug|Any CPU
		{8811E559-6FC7-4A14-AF38-3262AB9048E4}.Release|Any CPU.ActiveCfg = Release|Any CPU
		{8811E559-6FC7-4A14-AF38-3262AB9048E4}.Release|Any CPU.Build.0 = Release|Any CPU
		{D9C9580A-48BA-44E1-85B9-82208CAE8F13}.Debug|Any CPU.ActiveCfg = Debug|Any CPU
		{D9C9580A-48BA-44E1-85B9-82208CAE8F13}.Debug|Any CPU.Build.0 = Debug|Any CPU
		{D9C9580A-48BA-44E1-85B9-82208CAE8F13}.Release|Any CPU.ActiveCfg = Release|Any CPU
		{D9C9580A-48BA-44E1-85B9-82208CAE8F13}.Release|Any CPU.Build.0 = Release|Any CPU
		{95BF0584-51D9-46BD-9619-01D961A27970}.Debug|Any CPU.ActiveCfg = Debug|Any CPU
		{95BF0584-51D9-46BD-9619-01D961A27970}.Debug|Any CPU.Build.0 = Debug|Any CPU
		{95BF0584-51D9-46BD-9619-01D961A27970}.Release|Any CPU.ActiveCfg = Release|Any CPU
		{95BF0584-51D9-46BD-9619-01D961A27970}.Release|Any CPU.Build.0 = Release|Any CPU
		{7FD3AF1D-AFE5-460B-98A7-ADF620008DBE}.Debug|Any CPU.ActiveCfg = Debug|Any CPU
		{7FD3AF1D-AFE5-460B-98A7-ADF620008DBE}.Debug|Any CPU.Build.0 = Debug|Any CPU
		{7FD3AF1D-AFE5-460B-98A7-ADF620008DBE}.Release|Any CPU.ActiveCfg = Release|Any CPU
		{7FD3AF1D-AFE5-460B-98A7-ADF620008DBE}.Release|Any CPU.Build.0 = Release|Any CPU
		{271393BC-4A05-449C-8A71-94C7A6DACE52}.Debug|Any CPU.ActiveCfg = Debug|Any CPU
		{271393BC-4A05-449C-8A71-94C7A6DACE52}.Debug|Any CPU.Build.0 = Debug|Any CPU
		{271393BC-4A05-449C-8A71-94C7A6DACE52}.Release|Any CPU.ActiveCfg = Release|Any CPU
		{271393BC-4A05-449C-8A71-94C7A6DACE52}.Release|Any CPU.Build.0 = Release|Any CPU
		{CE88631B-A3E7-4D49-BB14-12EA9DFB9B20}.Debug|Any CPU.ActiveCfg = Debug|Any CPU
		{CE88631B-A3E7-4D49-BB14-12EA9DFB9B20}.Debug|Any CPU.Build.0 = Debug|Any CPU
		{CE88631B-A3E7-4D49-BB14-12EA9DFB9B20}.Release|Any CPU.ActiveCfg = Release|Any CPU
		{CE88631B-A3E7-4D49-BB14-12EA9DFB9B20}.Release|Any CPU.Build.0 = Release|Any CPU
	EndGlobalSection
	GlobalSection(SolutionProperties) = preSolution
		HideSolutionNode = FALSE
	EndGlobalSection
	GlobalSection(ExtensibilityGlobals) = postSolution
		SolutionGuid = {621DE5B8-D4BF-476E-95F7-BFF30A144D0A}
	EndGlobalSection
EndGlobal
